
Microsoft Visual Studio Solution File, Format Version 12.00
# Visual Studio Version 17
VisualStudioVersion = 17.2.32526.322
MinimumVisualStudioVersion = 10.0.40219.1
Project("{9A19103F-16F7-4668-BE54-9A1E7A4F7556}") = "Efa.Feedback.Api", "Efa.Feedback.Api\Efa.Feedback.Api.csproj", "{AE866524-10B1-4322-8738-B1410F13F049}"
EndProject
Project("{9A19103F-16F7-4668-BE54-9A1E7A4F7556}") = "Efa.Feedback.Domain", "Efa.Feedback.Domain\Efa.Feedback.Domain.csproj", "{393BC30E-8A31-479B-9B63-06ECAEF6C5CF}"
EndProject
Project("{9A19103F-16F7-4668-BE54-9A1E7A4F7556}") = "Efa.Feedback.RabbitMQ", "Efa.Feedback.RabbitMQ\Efa.Feedback.RabbitMQ.csproj", "{6912C075-AFC1-44A3-AA25-E3A058586076}"
EndProject
Project("{FAE04EC0-301F-11D3-BF4B-00C04F79EFBC}") = "Efa.Feedback.Email.Worker", "Efa.Feedback.Email.Worker\Efa.Feedback.Email.Worker.csproj", "{889E999C-300A-4C86-8065-723DB4796D57}"
EndProject
Global
	GlobalSection(SolutionConfigurationPlatforms) = preSolution
		Debug|Any CPU = Debug|Any CPU
		Release|Any CPU = Release|Any CPU
	EndGlobalSection
	GlobalSection(ProjectConfigurationPlatforms) = postSolution
		{AE866524-10B1-4322-8738-B1410F13F049}.Debug|Any CPU.ActiveCfg = Debug|Any CPU
		{AE866524-10B1-4322-8738-B1410F13F049}.Debug|Any CPU.Build.0 = Debug|Any CPU
		{AE866524-10B1-4322-8738-B1410F13F049}.Release|Any CPU.ActiveCfg = Release|Any CPU
		{AE866524-10B1-4322-8738-B1410F13F049}.Release|Any CPU.Build.0 = Release|Any CPU
		{393BC30E-8A31-479B-9B63-06ECAEF6C5CF}.Debug|Any CPU.ActiveCfg = Debug|Any CPU
		{393BC30E-8A31-479B-9B63-06ECAEF6C5CF}.Debug|Any CPU.Build.0 = Debug|Any CPU
		{393BC30E-8A31-479B-9B63-06ECAEF6C5CF}.Release|Any CPU.ActiveCfg = Release|Any CPU
		{393BC30E-8A31-479B-9B63-06ECAEF6C5CF}.Release|Any CPU.Build.0 = Release|Any CPU
		{6912C075-AFC1-44A3-AA25-E3A058586076}.Debug|Any CPU.ActiveCfg = Debug|Any CPU
		{6912C075-AFC1-44A3-AA25-E3A058586076}.Debug|Any CPU.Build.0 = Debug|Any CPU
		{6912C075-AFC1-44A3-AA25-E3A058586076}.Release|Any CPU.ActiveCfg = Release|Any CPU
		{6912C075-AFC1-44A3-AA25-E3A058586076}.Release|Any CPU.Build.0 = Release|Any CPU
		{889E999C-300A-4C86-8065-723DB4796D57}.Debug|Any CPU.ActiveCfg = Debug|Any CPU
		{889E999C-300A-4C86-8065-723DB4796D57}.Debug|Any CPU.Build.0 = Debug|Any CPU
		{889E999C-300A-4C86-8065-723DB4796D57}.Release|Any CPU.ActiveCfg = Release|Any CPU
		{889E999C-300A-4C86-8065-723DB4796D57}.Release|Any CPU.Build.0 = Release|Any CPU
	EndGlobalSection
	GlobalSection(SolutionProperties) = preSolution
		HideSolutionNode = FALSE
	EndGlobalSection
	GlobalSection(ExtensibilityGlobals) = postSolution
		SolutionGuid = {E9785519-1166-48BC-84C5-8A7B5734DEE3}
	EndGlobalSection
EndGlobal
